
Microsoft Visual Studio Solution File, Format Version 12.00
# Visual Studio Version 16
VisualStudioVersion = 16.0.32126.315
MinimumVisualStudioVersion = 10.0.40219.1
Project("{FAE04EC0-301F-11D3-BF4B-00C04F79EFBC}") = "NoSystemLock", "NoSystemLock\NoSystemLock.csproj", "{8BCF0E7C-B4E6-4C91-A0B4-4EE0D8145992}"
EndProject
Global
	GlobalSection(SolutionConfigurationPlatforms) = preSolution
		Debug|Any CPU = Debug|Any CPU
		Release|Any CPU = Release|Any CPU
	EndGlobalSection
	GlobalSection(ProjectConfigurationPlatforms) = postSolution
		{8BCF0E7C-B4E6-4C91-A0B4-4EE0D8145992}.Debug|Any CPU.ActiveCfg = Debug|Any CPU
		{8BCF0E7C-B4E6-4C91-A0B4-4EE0D8145992}.Debug|Any CPU.Build.0 = Debug|Any CPU
		{8BCF0E7C-B4E6-4C91-A0B4-4EE0D8145992}.Release|Any CPU.ActiveCfg = Release|Any CPU
		{8BCF0E7C-B4E6-4C91-A0B4-4EE0D8145992}.Release|Any CPU.Build.0 = Release|Any CPU
	EndGlobalSection
	GlobalSection(SolutionProperties) = preSolution
		HideSolutionNode = FALSE
	EndGlobalSection
	GlobalSection(ExtensibilityGlobals) = postSolution
		SolutionGuid = {3D98993C-026B-40D5-9FB6-3161CFC72FEA}
	EndGlobalSection
EndGlobal
